# This file is automatically @generated by Cargo.
# It is not intended for manual editing.
[[package]]
name = "acpi"
version = "0.1.0"
dependencies = [
 "bits",
 "memory",
]

[[package]]
name = "bits"
version = "0.1.0"

[[package]]
name = "elf"
version = "0.1.0"
dependencies = [
 "enums",
 "io",
 "memory",
]

[[package]]
name = "enums"
version = "0.1.0"

[[package]]
name = "io"
version = "0.1.0"
dependencies = [
 "memory",
]

[[package]]
name = "kernel"
version = "0.1.0"
dependencies = [
 "acpi",
 "kernel_interface",
 "memory",
 "uart_8250_family",
 "units",
 "x86",
]

[[package]]
name = "kernel_interface"
version = "0.1.0"
dependencies = [
 "acpi",
 "bits",
 "enums",
 "memory",
 "uart_8250_family",
 "uefi",
]

[[package]]
name = "loader"
version = "0.1.0"
dependencies = [
 "elf",
 "kernel_interface",
 "uefi",
 "x86",
]

[[package]]
name = "memory"
version = "0.1.0"

[[package]]
name = "split"
version = "0.1.0"

[[package]]
name = "uart_8250_family"
version = "0.1.0"
dependencies = [
 "bits",
 "enums",
 "io",
 "x86",
]

[[package]]
name = "ucs2"
version = "0.1.0"

[[package]]
name = "uefi"
version = "0.1.0"
dependencies = [
 "acpi",
 "bits",
 "enums",
 "io",
 "memory",
 "ucs2",
]

[[package]]
name = "units"
version = "0.1.0"

[[package]]
name = "x86"
version = "0.1.0"
dependencies = [
 "bits",
 "enums",
 "memory",
 "split",
]
