[[package]]
name = "elf"
version = "0.1.0"
dependencies = [
 "generation 0.1.0",
]

[[package]]
name = "generation"
version = "0.1.0"

[[package]]
name = "pet_kernel"
version = "0.1.0"

[[package]]
name = "pet_x86_64_api"
version = "0.1.0"

[[package]]
name = "uefi_core"
version = "0.1.0"
dependencies = [
 "generation 0.1.0",
]

[[package]]
name = "uefi_loader"
version = "0.1.0"
dependencies = [
 "elf 0.1.0",
 "uefi_core 0.1.0",
]

